
Microsoft Visual Studio Solution File, Format Version 12.00
# Visual Studio Version 17
VisualStudioVersion = 17.9.34622.214
MinimumVisualStudioVersion = 10.0.40219.1
Project("{FAE04EC0-301F-11D3-BF4B-00C04F79EFBC}") = "ConsoleApp1", "ConsoleApp1.csproj", "{200B7C21-14AE-4AB8-A041-3D7B5B407BEF}"
EndProject
Global
	GlobalSection(SolutionConfigurationPlatforms) = preSolution
		Debug|Any CPU = Debug|Any CPU
		Release|Any CPU = Release|Any CPU
	EndGlobalSection
	GlobalSection(ProjectConfigurationPlatforms) = postSolution
		{200B7C21-14AE-4AB8-A041-3D7B5B407BEF}.Debug|Any CPU.ActiveCfg = Debug|Any CPU
		{200B7C21-14AE-4AB8-A041-3D7B5B407BEF}.Debug|Any CPU.Build.0 = Debug|Any CPU
		{200B7C21-14AE-4AB8-A041-3D7B5B407BEF}.Release|Any CPU.ActiveCfg = Release|Any CPU
		{200B7C21-14AE-4AB8-A041-3D7B5B407BEF}.Release|Any CPU.Build.0 = Release|Any CPU
	EndGlobalSection
	GlobalSection(SolutionProperties) = preSolution
		HideSolutionNode = FALSE
	EndGlobalSection
	GlobalSection(ExtensibilityGlobals) = postSolution
		SolutionGuid = {DBFDD1B9-8452-431F-9D3E-2595E5F8AE49}
	EndGlobalSection
EndGlobal
